
Microsoft Visual Studio Solution File, Format Version 12.00
# Visual Studio 15
VisualStudioVersion = 15.0.28307.1738
MinimumVisualStudioVersion = 10.0.40219.1
Project("{9A19103F-16F7-4668-BE54-9A1E7A4F7556}") = "SelfWork", "SelfWork\SelfWork.csproj", "{27F61CD6-1E53-40BF-A9AB-2904EAE4B413}"
EndProject
Project("{FAE04EC0-301F-11D3-BF4B-00C04F79EFBC}") = "SelfWork.Tests", "SelfWork.Tests\SelfWork.Tests.csproj", "{D3FDAF3A-CDC6-4666-9401-543312D4195B}"
EndProject
Global
	GlobalSection(SolutionConfigurationPlatforms) = preSolution
		Debug|Any CPU = Debug|Any CPU
		Release|Any CPU = Release|Any CPU
	EndGlobalSection
	GlobalSection(ProjectConfigurationPlatforms) = postSolution
		{27F61CD6-1E53-40BF-A9AB-2904EAE4B413}.Debug|Any CPU.ActiveCfg = Debug|Any CPU
		{27F61CD6-1E53-40BF-A9AB-2904EAE4B413}.Debug|Any CPU.Build.0 = Debug|Any CPU
		{27F61CD6-1E53-40BF-A9AB-2904EAE4B413}.Release|Any CPU.ActiveCfg = Release|Any CPU
		{27F61CD6-1E53-40BF-A9AB-2904EAE4B413}.Release|Any CPU.Build.0 = Release|Any CPU
		{D3FDAF3A-CDC6-4666-9401-543312D4195B}.Debug|Any CPU.ActiveCfg = Debug|Any CPU
		{D3FDAF3A-CDC6-4666-9401-543312D4195B}.Debug|Any CPU.Build.0 = Debug|Any CPU
		{D3FDAF3A-CDC6-4666-9401-543312D4195B}.Release|Any CPU.ActiveCfg = Release|Any CPU
		{D3FDAF3A-CDC6-4666-9401-543312D4195B}.Release|Any CPU.Build.0 = Release|Any CPU
	EndGlobalSection
	GlobalSection(SolutionProperties) = preSolution
		HideSolutionNode = FALSE
	EndGlobalSection
	GlobalSection(ExtensibilityGlobals) = postSolution
		SolutionGuid = {A97C05FA-C3CF-48AE-B31B-F5069C00DE1D}
	EndGlobalSection
EndGlobal
